// !$*UTF8*$!
{
	archiveVersion = 1;
	classes = {
	};
	objectVersion = 46;
	objects = {

/* Begin PBXBuildFile section */
		66027D821E6E15BA00BB4D65 /* DocumentManager.swift in Sources */ = {isa = PBXBuildFile; fileRef = 66027D811E6E15BA00BB4D65 /* DocumentManager.swift */; };
		66052E091E68E463008EF49F /* OfficeSignInTableViewController.swift in Sources */ = {isa = PBXBuildFile; fileRef = 66052E081E68E463008EF49F /* OfficeSignInTableViewController.swift */; };
		663CE1641E92891A005BE064 /* String+Extension.swift in Sources */ = {isa = PBXBuildFile; fileRef = 663CE1631E92891A005BE064 /* String+Extension.swift */; };
		663CE1661E928939005BE064 /* UIColor+Extension.swift in Sources */ = {isa = PBXBuildFile; fileRef = 663CE1651E928939005BE064 /* UIColor+Extension.swift */; };
		663CE1681E928ADA005BE064 /* ViewPrinter.swift in Sources */ = {isa = PBXBuildFile; fileRef = 663CE1671E928ADA005BE064 /* ViewPrinter.swift */; };
		665014221E30205D006FC465 /* Account.swift in Sources */ = {isa = PBXBuildFile; fileRef = 665014211E30205D006FC465 /* Account.swift */; };
		665014241E3024F4006FC465 /* PracticeMemberController.swift in Sources */ = {isa = PBXBuildFile; fileRef = 665014231E3024F4006FC465 /* PracticeMemberController.swift */; };
		665014261E30250C006FC465 /* AccountController.swift in Sources */ = {isa = PBXBuildFile; fileRef = 665014251E30250C006FC465 /* AccountController.swift */; };
		6655CB5A1E38267A00C4FC9F /* ViewTransitionManager.swift in Sources */ = {isa = PBXBuildFile; fileRef = 6655CB591E38267A00C4FC9F /* ViewTransitionManager.swift */; };
		6658DAE11EA12F0E0026DE2F /* DateHelper.swift in Sources */ = {isa = PBXBuildFile; fileRef = 6658DAE01EA12F0E0026DE2F /* DateHelper.swift */; };
		6658DAE31EA139F30026DE2F /* PrinterLabel.swift in Sources */ = {isa = PBXBuildFile; fileRef = 6658DAE21EA139F30026DE2F /* PrinterLabel.swift */; };
		667F0ADB1E2AABB4002AFA4E /* AppDelegate.swift in Sources */ = {isa = PBXBuildFile; fileRef = 667F0ADA1E2AABB4002AFA4E /* AppDelegate.swift */; };
		667F0AE01E2AABB4002AFA4E /* Main.storyboard in Resources */ = {isa = PBXBuildFile; fileRef = 667F0ADE1E2AABB4002AFA4E /* Main.storyboard */; };
		667F0AE21E2AABB4002AFA4E /* Assets.xcassets in Resources */ = {isa = PBXBuildFile; fileRef = 667F0AE11E2AABB4002AFA4E /* Assets.xcassets */; };
		667F0AE51E2AABB4002AFA4E /* LaunchScreen.storyboard in Resources */ = {isa = PBXBuildFile; fileRef = 667F0AE31E2AABB4002AFA4E /* LaunchScreen.storyboard */; };
		6697980E1E2AB5C9004E29D7 /* GoogleService-Info.plist in Resources */ = {isa = PBXBuildFile; fileRef = 6697980D1E2AB5C9004E29D7 /* GoogleService-Info.plist */; };
		669946771E64C59E00BC9430 /* LoaderView.swift in Sources */ = {isa = PBXBuildFile; fileRef = 669946761E64C59E00BC9430 /* LoaderView.swift */; };
		66A625881E2ABAAE002F3416 /* PracticeMember.swift in Sources */ = {isa = PBXBuildFile; fileRef = 66A625871E2ABAAE002F3416 /* PracticeMember.swift */; };
		66A6258A1E2ABADC002F3416 /* Enums.swift in Sources */ = {isa = PBXBuildFile; fileRef = 66A625891E2ABADC002F3416 /* Enums.swift */; };
		66ABEA201E6CE23300B129EB /* ImageController.swift in Sources */ = {isa = PBXBuildFile; fileRef = 66ABEA1F1E6CE23300B129EB /* ImageController.swift */; };
		66AFAFAB1E2D77790013B68F /* SignatureCaptureView.swift in Sources */ = {isa = PBXBuildFile; fileRef = 66AFAFAA1E2D77790013B68F /* SignatureCaptureView.swift */; };
		66AFAFAE1E2D83F20013B68F /* Constants.swift in Sources */ = {isa = PBXBuildFile; fileRef = 66AFAFAD1E2D83F20013B68F /* Constants.swift */; };
		66AFAFB01E2D84C50013B68F /* FirebaseController.swift in Sources */ = {isa = PBXBuildFile; fileRef = 66AFAFAF1E2D84C50013B68F /* FirebaseController.swift */; };
		66C10CA01E2EC22C00BF4AFF /* LoginSignUpTableViewController.swift in Sources */ = {isa = PBXBuildFile; fileRef = 66C10C9F1E2EC22C00BF4AFF /* LoginSignUpTableViewController.swift */; };
		66C10CA21E2EC25300BF4AFF /* WebViewController.swift in Sources */ = {isa = PBXBuildFile; fileRef = 66C10CA11E2EC25300BF4AFF /* WebViewController.swift */; };
		66C10CA41E2ECB0800BF4AFF /* PracticeMemberListViewController.swift in Sources */ = {isa = PBXBuildFile; fileRef = 66C10CA31E2ECB0800BF4AFF /* PracticeMemberListViewController.swift */; };
		66C10CA61E2ECD6A00BF4AFF /* iPad.storyboard in Resources */ = {isa = PBXBuildFile; fileRef = 66C10CA51E2ECD6A00BF4AFF /* iPad.storyboard */; };
		66C10CA81E2ECF8400BF4AFF /* PracticeMemberTableViewCell.swift in Sources */ = {isa = PBXBuildFile; fileRef = 66C10CA71E2ECF8400BF4AFF /* PracticeMemberTableViewCell.swift */; };
		66DA6CD21E68BABC003A6174 /* PracticeMemberDetailTableViewController.swift in Sources */ = {isa = PBXBuildFile; fileRef = 66DA6CD11E68BABC003A6174 /* PracticeMemberDetailTableViewController.swift */; };
		66DA6CD41E68E266003A6174 /* ImagesHelper.swift in Sources */ = {isa = PBXBuildFile; fileRef = 66DA6CD31E68E266003A6174 /* ImagesHelper.swift */; };
		66FD65231E68F65400216841 /* InitialViewController.swift in Sources */ = {isa = PBXBuildFile; fileRef = 66FD65221E68F65400216841 /* InitialViewController.swift */; };
		66FF15E31E66134B00AC963F /* Images.xcassets in Resources */ = {isa = PBXBuildFile; fileRef = 66FF15E21E66134B00AC963F /* Images.xcassets */; };
		9B81D702FB24B2529E8F3C60 /* Pods_Chiropractic.framework in Frameworks */ = {isa = PBXBuildFile; fileRef = C1B862C8529B0635F4A2EB44 /* Pods_Chiropractic.framework */; };
/* End PBXBuildFile section */

/* Begin PBXFileReference section */
		66027D811E6E15BA00BB4D65 /* DocumentManager.swift */ = {isa = PBXFileReference; fileEncoding = 4; lastKnownFileType = sourcecode.swift; path = DocumentManager.swift; sourceTree = "<group>"; };
		66052E081E68E463008EF49F /* OfficeSignInTableViewController.swift */ = {isa = PBXFileReference; fileEncoding = 4; lastKnownFileType = sourcecode.swift; lineEnding = 0; path = OfficeSignInTableViewController.swift; sourceTree = "<group>"; xcLanguageSpecificationIdentifier = xcode.lang.swift; };
		663CE1631E92891A005BE064 /* String+Extension.swift */ = {isa = PBXFileReference; fileEncoding = 4; lastKnownFileType = sourcecode.swift; path = "String+Extension.swift"; sourceTree = "<group>"; };
		663CE1651E928939005BE064 /* UIColor+Extension.swift */ = {isa = PBXFileReference; fileEncoding = 4; lastKnownFileType = sourcecode.swift; path = "UIColor+Extension.swift"; sourceTree = "<group>"; };
		663CE1671E928ADA005BE064 /* ViewPrinter.swift */ = {isa = PBXFileReference; fileEncoding = 4; lastKnownFileType = sourcecode.swift; path = ViewPrinter.swift; sourceTree = "<group>"; };
		665014211E30205D006FC465 /* Account.swift */ = {isa = PBXFileReference; fileEncoding = 4; lastKnownFileType = sourcecode.swift; lineEnding = 0; path = Account.swift; sourceTree = "<group>"; xcLanguageSpecificationIdentifier = xcode.lang.swift; };
		665014231E3024F4006FC465 /* PracticeMemberController.swift */ = {isa = PBXFileReference; fileEncoding = 4; lastKnownFileType = sourcecode.swift; lineEnding = 0; path = PracticeMemberController.swift; sourceTree = "<group>"; xcLanguageSpecificationIdentifier = xcode.lang.swift; };
		665014251E30250C006FC465 /* AccountController.swift */ = {isa = PBXFileReference; fileEncoding = 4; lastKnownFileType = sourcecode.swift; lineEnding = 0; path = AccountController.swift; sourceTree = "<group>"; xcLanguageSpecificationIdentifier = xcode.lang.swift; };
		6655CB591E38267A00C4FC9F /* ViewTransitionManager.swift */ = {isa = PBXFileReference; fileEncoding = 4; lastKnownFileType = sourcecode.swift; lineEnding = 0; path = ViewTransitionManager.swift; sourceTree = "<group>"; xcLanguageSpecificationIdentifier = xcode.lang.swift; };
		6658DAE01EA12F0E0026DE2F /* DateHelper.swift */ = {isa = PBXFileReference; fileEncoding = 4; lastKnownFileType = sourcecode.swift; path = DateHelper.swift; sourceTree = "<group>"; };
		6658DAE21EA139F30026DE2F /* PrinterLabel.swift */ = {isa = PBXFileReference; fileEncoding = 4; lastKnownFileType = sourcecode.swift; path = PrinterLabel.swift; sourceTree = "<group>"; };
		667F0AD71E2AABB4002AFA4E /* Chiropractic.app */ = {isa = PBXFileReference; explicitFileType = wrapper.application; includeInIndex = 0; path = Chiropractic.app; sourceTree = BUILT_PRODUCTS_DIR; };
		667F0ADA1E2AABB4002AFA4E /* AppDelegate.swift */ = {isa = PBXFileReference; lastKnownFileType = sourcecode.swift; path = AppDelegate.swift; sourceTree = "<group>"; };
		667F0ADF1E2AABB4002AFA4E /* Base */ = {isa = PBXFileReference; lastKnownFileType = file.storyboard; name = Base; path = Base.lproj/Main.storyboard; sourceTree = "<group>"; };
		667F0AE11E2AABB4002AFA4E /* Assets.xcassets */ = {isa = PBXFileReference; lastKnownFileType = folder.assetcatalog; path = Assets.xcassets; sourceTree = "<group>"; };
		667F0AE41E2AABB4002AFA4E /* Base */ = {isa = PBXFileReference; lastKnownFileType = file.storyboard; name = Base; path = Base.lproj/LaunchScreen.storyboard; sourceTree = "<group>"; };
		667F0AE61E2AABB4002AFA4E /* Info.plist */ = {isa = PBXFileReference; lastKnownFileType = text.plist.xml; path = Info.plist; sourceTree = "<group>"; };
		6697980D1E2AB5C9004E29D7 /* GoogleService-Info.plist */ = {isa = PBXFileReference; fileEncoding = 4; lastKnownFileType = text.plist.xml; path = "GoogleService-Info.plist"; sourceTree = "<group>"; };
		669946761E64C59E00BC9430 /* LoaderView.swift */ = {isa = PBXFileReference; fileEncoding = 4; lastKnownFileType = sourcecode.swift; path = LoaderView.swift; sourceTree = "<group>"; };
		66A625871E2ABAAE002F3416 /* PracticeMember.swift */ = {isa = PBXFileReference; fileEncoding = 4; lastKnownFileType = sourcecode.swift; lineEnding = 0; path = PracticeMember.swift; sourceTree = "<group>"; xcLanguageSpecificationIdentifier = xcode.lang.swift; };
		66A625891E2ABADC002F3416 /* Enums.swift */ = {isa = PBXFileReference; fileEncoding = 4; lastKnownFileType = sourcecode.swift; path = Enums.swift; sourceTree = "<group>"; };
		66ABEA1F1E6CE23300B129EB /* ImageController.swift */ = {isa = PBXFileReference; fileEncoding = 4; lastKnownFileType = sourcecode.swift; path = ImageController.swift; sourceTree = "<group>"; };
		66AFAFAA1E2D77790013B68F /* SignatureCaptureView.swift */ = {isa = PBXFileReference; fileEncoding = 4; lastKnownFileType = sourcecode.swift; lineEnding = 0; path = SignatureCaptureView.swift; sourceTree = "<group>"; xcLanguageSpecificationIdentifier = xcode.lang.swift; };
		66AFAFAD1E2D83F20013B68F /* Constants.swift */ = {isa = PBXFileReference; fileEncoding = 4; lastKnownFileType = sourcecode.swift; lineEnding = 0; path = Constants.swift; sourceTree = "<group>"; xcLanguageSpecificationIdentifier = xcode.lang.swift; };
		66AFAFAF1E2D84C50013B68F /* FirebaseController.swift */ = {isa = PBXFileReference; fileEncoding = 4; lastKnownFileType = sourcecode.swift; lineEnding = 0; path = FirebaseController.swift; sourceTree = "<group>"; xcLanguageSpecificationIdentifier = xcode.lang.swift; };
		66C10C9F1E2EC22C00BF4AFF /* LoginSignUpTableViewController.swift */ = {isa = PBXFileReference; fileEncoding = 4; lastKnownFileType = sourcecode.swift; lineEnding = 0; path = LoginSignUpTableViewController.swift; sourceTree = "<group>"; xcLanguageSpecificationIdentifier = xcode.lang.swift; };
		66C10CA11E2EC25300BF4AFF /* WebViewController.swift */ = {isa = PBXFileReference; fileEncoding = 4; lastKnownFileType = sourcecode.swift; lineEnding = 0; path = WebViewController.swift; sourceTree = "<group>"; xcLanguageSpecificationIdentifier = xcode.lang.swift; };
		66C10CA31E2ECB0800BF4AFF /* PracticeMemberListViewController.swift */ = {isa = PBXFileReference; fileEncoding = 4; lastKnownFileType = sourcecode.swift; lineEnding = 0; path = PracticeMemberListViewController.swift; sourceTree = "<group>"; xcLanguageSpecificationIdentifier = xcode.lang.swift; };
		66C10CA51E2ECD6A00BF4AFF /* iPad.storyboard */ = {isa = PBXFileReference; fileEncoding = 4; lastKnownFileType = file.storyboard; path = iPad.storyboard; sourceTree = "<group>"; };
		66C10CA71E2ECF8400BF4AFF /* PracticeMemberTableViewCell.swift */ = {isa = PBXFileReference; fileEncoding = 4; lastKnownFileType = sourcecode.swift; path = PracticeMemberTableViewCell.swift; sourceTree = "<group>"; };
		66DA6CD11E68BABC003A6174 /* PracticeMemberDetailTableViewController.swift */ = {isa = PBXFileReference; fileEncoding = 4; lastKnownFileType = sourcecode.swift; path = PracticeMemberDetailTableViewController.swift; sourceTree = "<group>"; };
		66DA6CD31E68E266003A6174 /* ImagesHelper.swift */ = {isa = PBXFileReference; fileEncoding = 4; lastKnownFileType = sourcecode.swift; path = ImagesHelper.swift; sourceTree = "<group>"; };
		66FD65221E68F65400216841 /* InitialViewController.swift */ = {isa = PBXFileReference; fileEncoding = 4; lastKnownFileType = sourcecode.swift; path = InitialViewController.swift; sourceTree = "<group>"; };
		66FF15E21E66134B00AC963F /* Images.xcassets */ = {isa = PBXFileReference; lastKnownFileType = folder.assetcatalog; path = Images.xcassets; sourceTree = "<group>"; };
		C1B862C8529B0635F4A2EB44 /* Pods_Chiropractic.framework */ = {isa = PBXFileReference; explicitFileType = wrapper.framework; includeInIndex = 0; path = Pods_Chiropractic.framework; sourceTree = BUILT_PRODUCTS_DIR; };
		E6E637F459223646C50A5242 /* Pods-Chiropractic.debug.xcconfig */ = {isa = PBXFileReference; includeInIndex = 1; lastKnownFileType = text.xcconfig; name = "Pods-Chiropractic.debug.xcconfig"; path = "Pods/Target Support Files/Pods-Chiropractic/Pods-Chiropractic.debug.xcconfig"; sourceTree = "<group>"; };
		FA17D511EABA103FF64175AF /* Pods-Chiropractic.release.xcconfig */ = {isa = PBXFileReference; includeInIndex = 1; lastKnownFileType = text.xcconfig; name = "Pods-Chiropractic.release.xcconfig"; path = "Pods/Target Support Files/Pods-Chiropractic/Pods-Chiropractic.release.xcconfig"; sourceTree = "<group>"; };
/* End PBXFileReference section */

/* Begin PBXFrameworksBuildPhase section */
		667F0AD41E2AABB4002AFA4E /* Frameworks */ = {
			isa = PBXFrameworksBuildPhase;
			buildActionMask = 2147483647;
			files = (
				9B81D702FB24B2529E8F3C60 /* Pods_Chiropractic.framework in Frameworks */,
			);
			runOnlyForDeploymentPostprocessing = 0;
		};
/* End PBXFrameworksBuildPhase section */

/* Begin PBXGroup section */
		2B601E5C0BEA2416C57096AD /* Frameworks */ = {
			isa = PBXGroup;
			children = (
				C1B862C8529B0635F4A2EB44 /* Pods_Chiropractic.framework */,
			);
			name = Frameworks;
			sourceTree = "<group>";
		};
		59FF74942BA22D716FB69B12 /* Pods */ = {
			isa = PBXGroup;
			children = (
				E6E637F459223646C50A5242 /* Pods-Chiropractic.debug.xcconfig */,
				FA17D511EABA103FF64175AF /* Pods-Chiropractic.release.xcconfig */,
			);
			name = Pods;
			sourceTree = "<group>";
		};
		663CE1601E928691005BE064 /* Extensions */ = {
			isa = PBXGroup;
			children = (
				663CE1631E92891A005BE064 /* String+Extension.swift */,
				663CE1651E928939005BE064 /* UIColor+Extension.swift */,
			);
			name = Extensions;
			sourceTree = "<group>";
		};
		667F0ACE1E2AABB4002AFA4E = {
			isa = PBXGroup;
			children = (
				667F0AD91E2AABB4002AFA4E /* Chiropractic */,
				667F0AD81E2AABB4002AFA4E /* Products */,
				59FF74942BA22D716FB69B12 /* Pods */,
				2B601E5C0BEA2416C57096AD /* Frameworks */,
			);
			sourceTree = "<group>";
		};
		667F0AD81E2AABB4002AFA4E /* Products */ = {
			isa = PBXGroup;
			children = (
				667F0AD71E2AABB4002AFA4E /* Chiropractic.app */,
			);
			name = Products;
			sourceTree = "<group>";
		};
		667F0AD91E2AABB4002AFA4E /* Chiropractic */ = {
			isa = PBXGroup;
			children = (
				667F0ADA1E2AABB4002AFA4E /* AppDelegate.swift */,
				66A625861E2AB90C002F3416 /* Model */,
				66A625851E2AB904002F3416 /* ModelController */,
				66A625831E2AB8E0002F3416 /* ViewController */,
				66A625841E2AB8E7002F3416 /* Helper */,
				66AFAFAC1E2D83DE0013B68F /* Resources */,
			);
			path = Chiropractic;
			sourceTree = "<group>";
		};
		66A625831E2AB8E0002F3416 /* ViewController */ = {
			isa = PBXGroup;
			children = (
				66ABEA1E1E6CDAC700B129EB /* iPhone */,
				66ABEA1D1E6CDABE00B129EB /* Office iPad */,
			);
			name = ViewController;
			sourceTree = "<group>";
		};
		66A625841E2AB8E7002F3416 /* Helper */ = {
			isa = PBXGroup;
			children = (
				66A625891E2ABADC002F3416 /* Enums.swift */,
				66AFAFAD1E2D83F20013B68F /* Constants.swift */,
				6658DAE01EA12F0E0026DE2F /* DateHelper.swift */,
				66DA6CD31E68E266003A6174 /* ImagesHelper.swift */,
				66AFAFAF1E2D84C50013B68F /* FirebaseController.swift */,
				6655CB591E38267A00C4FC9F /* ViewTransitionManager.swift */,
				66027D811E6E15BA00BB4D65 /* DocumentManager.swift */,
				669946761E64C59E00BC9430 /* LoaderView.swift */,
				663CE1671E928ADA005BE064 /* ViewPrinter.swift */,
				663CE1601E928691005BE064 /* Extensions */,
			);
			name = Helper;
			sourceTree = "<group>";
		};
		66A625851E2AB904002F3416 /* ModelController */ = {
			isa = PBXGroup;
			children = (
				665014231E3024F4006FC465 /* PracticeMemberController.swift */,
				665014251E30250C006FC465 /* AccountController.swift */,
				66ABEA1F1E6CE23300B129EB /* ImageController.swift */,
			);
			name = ModelController;
			sourceTree = "<group>";
		};
		66A625861E2AB90C002F3416 /* Model */ = {
			isa = PBXGroup;
			children = (
				66A625871E2ABAAE002F3416 /* PracticeMember.swift */,
				665014211E30205D006FC465 /* Account.swift */,
				6658DAE21EA139F30026DE2F /* PrinterLabel.swift */,
			);
			name = Model;
			sourceTree = "<group>";
		};
		66ABEA1D1E6CDABE00B129EB /* Office iPad */ = {
			isa = PBXGroup;
			children = (
				66C10CA51E2ECD6A00BF4AFF /* iPad.storyboard */,
				66052E081E68E463008EF49F /* OfficeSignInTableViewController.swift */,
				66AFAFAA1E2D77790013B68F /* SignatureCaptureView.swift */,
			);
			name = "Office iPad";
			sourceTree = "<group>";
		};
		66ABEA1E1E6CDAC700B129EB /* iPhone */ = {
			isa = PBXGroup;
			children = (
				667F0ADE1E2AABB4002AFA4E /* Main.storyboard */,
				66FD65221E68F65400216841 /* InitialViewController.swift */,
				66C10C9F1E2EC22C00BF4AFF /* LoginSignUpTableViewController.swift */,
				66C10CA31E2ECB0800BF4AFF /* PracticeMemberListViewController.swift */,
				66C10CA71E2ECF8400BF4AFF /* PracticeMemberTableViewCell.swift */,
				66DA6CD11E68BABC003A6174 /* PracticeMemberDetailTableViewController.swift */,
				66C10CA11E2EC25300BF4AFF /* WebViewController.swift */,
			);
			name = iPhone;
			sourceTree = "<group>";
		};
		66AFAFAC1E2D83DE0013B68F /* Resources */ = {
			isa = PBXGroup;
			children = (
				667F0AE11E2AABB4002AFA4E /* Assets.xcassets */,
				66FF15E21E66134B00AC963F /* Images.xcassets */,
				667F0AE31E2AABB4002AFA4E /* LaunchScreen.storyboard */,
				667F0AE61E2AABB4002AFA4E /* Info.plist */,
				6697980D1E2AB5C9004E29D7 /* GoogleService-Info.plist */,
			);
			name = Resources;
			sourceTree = "<group>";
		};
/* End PBXGroup section */

/* Begin PBXNativeTarget section */
		667F0AD61E2AABB4002AFA4E /* Chiropractic */ = {
			isa = PBXNativeTarget;
			buildConfigurationList = 667F0AE91E2AABB4002AFA4E /* Build configuration list for PBXNativeTarget "Chiropractic" */;
			buildPhases = (
				D06F94558B9CB3D7BB611685 /* [CP] Check Pods Manifest.lock */,
				667F0AD31E2AABB4002AFA4E /* Sources */,
				667F0AD41E2AABB4002AFA4E /* Frameworks */,
				667F0AD51E2AABB4002AFA4E /* Resources */,
				BB80065AFA1EAEF2B4EC2877 /* [CP] Embed Pods Frameworks */,
				F90AD8801BE698B0E27BB8E3 /* [CP] Copy Pods Resources */,
			);
			buildRules = (
			);
			dependencies = (
			);
			name = Chiropractic;
			productName = Chiropractic;
			productReference = 667F0AD71E2AABB4002AFA4E /* Chiropractic.app */;
			productType = "com.apple.product-type.application";
		};
/* End PBXNativeTarget section */

/* Begin PBXProject section */
		667F0ACF1E2AABB4002AFA4E /* Project object */ = {
			isa = PBXProject;
			attributes = {
				LastSwiftUpdateCheck = 0820;
				LastUpgradeCheck = 0820;
				ORGANIZATIONNAME = "Nicholas Laughter";
				TargetAttributes = {
					667F0AD61E2AABB4002AFA4E = {
						CreatedOnToolsVersion = 8.2.1;
						DevelopmentTeam = B24U63J96U;
						ProvisioningStyle = Automatic;
					};
				};
			};
			buildConfigurationList = 667F0AD21E2AABB4002AFA4E /* Build configuration list for PBXProject "Chiropractic" */;
			compatibilityVersion = "Xcode 3.2";
			developmentRegion = English;
			hasScannedForEncodings = 0;
			knownRegions = (
				en,
				Base,
			);
			mainGroup = 667F0ACE1E2AABB4002AFA4E;
			productRefGroup = 667F0AD81E2AABB4002AFA4E /* Products */;
			projectDirPath = "";
			projectRoot = "";
			targets = (
				667F0AD61E2AABB4002AFA4E /* Chiropractic */,
			);
		};
/* End PBXProject section */

/* Begin PBXResourcesBuildPhase section */
		667F0AD51E2AABB4002AFA4E /* Resources */ = {
			isa = PBXResourcesBuildPhase;
			buildActionMask = 2147483647;
			files = (
				667F0AE51E2AABB4002AFA4E /* LaunchScreen.storyboard in Resources */,
				6697980E1E2AB5C9004E29D7 /* GoogleService-Info.plist in Resources */,
				667F0AE21E2AABB4002AFA4E /* Assets.xcassets in Resources */,
				66FF15E31E66134B00AC963F /* Images.xcassets in Resources */,
				66C10CA61E2ECD6A00BF4AFF /* iPad.storyboard in Resources */,
				667F0AE01E2AABB4002AFA4E /* Main.storyboard in Resources */,
			);
			runOnlyForDeploymentPostprocessing = 0;
		};
/* End PBXResourcesBuildPhase section */

/* Begin PBXShellScriptBuildPhase section */
		BB80065AFA1EAEF2B4EC2877 /* [CP] Embed Pods Frameworks */ = {
			isa = PBXShellScriptBuildPhase;
			buildActionMask = 2147483647;
			files = (
			);
			inputPaths = (
			);
			name = "[CP] Embed Pods Frameworks";
			outputPaths = (
			);
			runOnlyForDeploymentPostprocessing = 0;
			shellPath = /bin/sh;
			shellScript = "\"${SRCROOT}/Pods/Target Support Files/Pods-Chiropractic/Pods-Chiropractic-frameworks.sh\"\n";
			showEnvVarsInLog = 0;
		};
		D06F94558B9CB3D7BB611685 /* [CP] Check Pods Manifest.lock */ = {
			isa = PBXShellScriptBuildPhase;
			buildActionMask = 2147483647;
			files = (
			);
			inputPaths = (
			);
			name = "[CP] Check Pods Manifest.lock";
			outputPaths = (
			);
			runOnlyForDeploymentPostprocessing = 0;
			shellPath = /bin/sh;
			shellScript = "diff \"${PODS_PODFILE_DIR_PATH}/Podfile.lock\" \"${PODS_ROOT}/Manifest.lock\" > /dev/null\nif [ $? != 0 ] ; then\n    # print error to STDERR\n    echo \"error: The sandbox is not in sync with the Podfile.lock. Run 'pod install' or update your CocoaPods installation.\" >&2\n    exit 1\nfi\n";
			showEnvVarsInLog = 0;
		};
		F90AD8801BE698B0E27BB8E3 /* [CP] Copy Pods Resources */ = {
			isa = PBXShellScriptBuildPhase;
			buildActionMask = 2147483647;
			files = (
			);
			inputPaths = (
			);
			name = "[CP] Copy Pods Resources";
			outputPaths = (
			);
			runOnlyForDeploymentPostprocessing = 0;
			shellPath = /bin/sh;
			shellScript = "\"${SRCROOT}/Pods/Target Support Files/Pods-Chiropractic/Pods-Chiropractic-resources.sh\"\n";
			showEnvVarsInLog = 0;
		};
/* End PBXShellScriptBuildPhase section */

/* Begin PBXSourcesBuildPhase section */
		667F0AD31E2AABB4002AFA4E /* Sources */ = {
			isa = PBXSourcesBuildPhase;
			buildActionMask = 2147483647;
			files = (
				6658DAE11EA12F0E0026DE2F /* DateHelper.swift in Sources */,
				66AFAFB01E2D84C50013B68F /* FirebaseController.swift in Sources */,
				665014221E30205D006FC465 /* Account.swift in Sources */,
				66A625881E2ABAAE002F3416 /* PracticeMember.swift in Sources */,
				66027D821E6E15BA00BB4D65 /* DocumentManager.swift in Sources */,
				66C10CA21E2EC25300BF4AFF /* WebViewController.swift in Sources */,
				66DA6CD21E68BABC003A6174 /* PracticeMemberDetailTableViewController.swift in Sources */,
				66A6258A1E2ABADC002F3416 /* Enums.swift in Sources */,
				6655CB5A1E38267A00C4FC9F /* ViewTransitionManager.swift in Sources */,
				669946771E64C59E00BC9430 /* LoaderView.swift in Sources */,
				66052E091E68E463008EF49F /* OfficeSignInTableViewController.swift in Sources */,
				665014261E30250C006FC465 /* AccountController.swift in Sources */,
				663CE1641E92891A005BE064 /* String+Extension.swift in Sources */,
				66DA6CD41E68E266003A6174 /* ImagesHelper.swift in Sources */,
				665014241E3024F4006FC465 /* PracticeMemberController.swift in Sources */,
				66C10CA41E2ECB0800BF4AFF /* PracticeMemberListViewController.swift in Sources */,
				66ABEA201E6CE23300B129EB /* ImageController.swift in Sources */,
				663CE1681E928ADA005BE064 /* ViewPrinter.swift in Sources */,
				667F0ADB1E2AABB4002AFA4E /* AppDelegate.swift in Sources */,
				663CE1661E928939005BE064 /* UIColor+Extension.swift in Sources */,
				66FD65231E68F65400216841 /* InitialViewController.swift in Sources */,
				6658DAE31EA139F30026DE2F /* PrinterLabel.swift in Sources */,
				66AFAFAE1E2D83F20013B68F /* Constants.swift in Sources */,
				66C10CA01E2EC22C00BF4AFF /* LoginSignUpTableViewController.swift in Sources */,
				66AFAFAB1E2D77790013B68F /* SignatureCaptureView.swift in Sources */,
				66C10CA81E2ECF8400BF4AFF /* PracticeMemberTableViewCell.swift in Sources */,
			);
			runOnlyForDeploymentPostprocessing = 0;
		};
/* End PBXSourcesBuildPhase section */

/* Begin PBXVariantGroup section */
		667F0ADE1E2AABB4002AFA4E /* Main.storyboard */ = {
			isa = PBXVariantGroup;
			children = (
				667F0ADF1E2AABB4002AFA4E /* Base */,
			);
			name = Main.storyboard;
			sourceTree = "<group>";
		};
		667F0AE31E2AABB4002AFA4E /* LaunchScreen.storyboard */ = {
			isa = PBXVariantGroup;
			children = (
				667F0AE41E2AABB4002AFA4E /* Base */,
			);
			name = LaunchScreen.storyboard;
			sourceTree = "<group>";
		};
/* End PBXVariantGroup section */

/* Begin XCBuildConfiguration section */
		667F0AE71E2AABB4002AFA4E /* Debug */ = {
			isa = XCBuildConfiguration;
			buildSettings = {
				ALWAYS_SEARCH_USER_PATHS = NO;
				CLANG_ANALYZER_NONNULL = YES;
				CLANG_CXX_LANGUAGE_STANDARD = "gnu++0x";
				CLANG_CXX_LIBRARY = "libc++";
				CLANG_ENABLE_MODULES = YES;
				CLANG_ENABLE_OBJC_ARC = YES;
				CLANG_WARN_BOOL_CONVERSION = YES;
				CLANG_WARN_CONSTANT_CONVERSION = YES;
				CLANG_WARN_DIRECT_OBJC_ISA_USAGE = YES_ERROR;
				CLANG_WARN_DOCUMENTATION_COMMENTS = YES;
				CLANG_WARN_EMPTY_BODY = YES;
				CLANG_WARN_ENUM_CONVERSION = YES;
				CLANG_WARN_INFINITE_RECURSION = YES;
				CLANG_WARN_INT_CONVERSION = YES;
				CLANG_WARN_OBJC_ROOT_CLASS = YES_ERROR;
				CLANG_WARN_SUSPICIOUS_MOVE = YES;
				CLANG_WARN_UNREACHABLE_CODE = YES;
				CLANG_WARN__DUPLICATE_METHOD_MATCH = YES;
				"CODE_SIGN_IDENTITY[sdk=iphoneos*]" = "iPhone Developer";
				COPY_PHASE_STRIP = NO;
				DEBUG_INFORMATION_FORMAT = dwarf;
				ENABLE_STRICT_OBJC_MSGSEND = YES;
				ENABLE_TESTABILITY = YES;
				GCC_C_LANGUAGE_STANDARD = gnu99;
				GCC_DYNAMIC_NO_PIC = NO;
				GCC_NO_COMMON_BLOCKS = YES;
				GCC_OPTIMIZATION_LEVEL = 0;
				GCC_PREPROCESSOR_DEFINITIONS = (
					"DEBUG=1",
					"$(inherited)",
				);
				GCC_WARN_64_TO_32_BIT_CONVERSION = YES;
				GCC_WARN_ABOUT_RETURN_TYPE = YES_ERROR;
				GCC_WARN_UNDECLARED_SELECTOR = YES;
				GCC_WARN_UNINITIALIZED_AUTOS = YES_AGGRESSIVE;
				GCC_WARN_UNUSED_FUNCTION = YES;
				GCC_WARN_UNUSED_VARIABLE = YES;
				IPHONEOS_DEPLOYMENT_TARGET = 10.2;
				MTL_ENABLE_DEBUG_INFO = YES;
				ONLY_ACTIVE_ARCH = YES;
				SDKROOT = iphoneos;
				SWIFT_ACTIVE_COMPILATION_CONDITIONS = DEBUG;
				SWIFT_OPTIMIZATION_LEVEL = "-Onone";
				TARGETED_DEVICE_FAMILY = "1,2";
			};
			name = Debug;
		};
		667F0AE81E2AABB4002AFA4E /* Release */ = {
			isa = XCBuildConfiguration;
			buildSettings = {
				ALWAYS_SEARCH_USER_PATHS = NO;
				CLANG_ANALYZER_NONNULL = YES;
				CLANG_CXX_LANGUAGE_STANDARD = "gnu++0x";
				CLANG_CXX_LIBRARY = "libc++";
				CLANG_ENABLE_MODULES = YES;
				CLANG_ENABLE_OBJC_ARC = YES;
				CLANG_WARN_BOOL_CONVERSION = YES;
				CLANG_WARN_CONSTANT_CONVERSION = YES;
				CLANG_WARN_DIRECT_OBJC_ISA_USAGE = YES_ERROR;
				CLANG_WARN_DOCUMENTATION_COMMENTS = YES;
				CLANG_WARN_EMPTY_BODY = YES;
				CLANG_WARN_ENUM_CONVERSION = YES;
				CLANG_WARN_INFINITE_RECURSION = YES;
				CLANG_WARN_INT_CONVERSION = YES;
				CLANG_WARN_OBJC_ROOT_CLASS = YES_ERROR;
				CLANG_WARN_SUSPICIOUS_MOVE = YES;
				CLANG_WARN_UNREACHABLE_CODE = YES;
				CLANG_WARN__DUPLICATE_METHOD_MATCH = YES;
				"CODE_SIGN_IDENTITY[sdk=iphoneos*]" = "iPhone Developer";
				COPY_PHASE_STRIP = NO;
				DEBUG_INFORMATION_FORMAT = "dwarf-with-dsym";
				ENABLE_NS_ASSERTIONS = NO;
				ENABLE_STRICT_OBJC_MSGSEND = YES;
				GCC_C_LANGUAGE_STANDARD = gnu99;
				GCC_NO_COMMON_BLOCKS = YES;
				GCC_WARN_64_TO_32_BIT_CONVERSION = YES;
				GCC_WARN_ABOUT_RETURN_TYPE = YES_ERROR;
				GCC_WARN_UNDECLARED_SELECTOR = YES;
				GCC_WARN_UNINITIALIZED_AUTOS = YES_AGGRESSIVE;
				GCC_WARN_UNUSED_FUNCTION = YES;
				GCC_WARN_UNUSED_VARIABLE = YES;
				IPHONEOS_DEPLOYMENT_TARGET = 10.2;
				MTL_ENABLE_DEBUG_INFO = NO;
				SDKROOT = iphoneos;
				SWIFT_OPTIMIZATION_LEVEL = "-Owholemodule";
				TARGETED_DEVICE_FAMILY = "1,2";
				VALIDATE_PRODUCT = YES;
			};
			name = Release;
		};
		667F0AEA1E2AABB4002AFA4E /* Debug */ = {
			isa = XCBuildConfiguration;
			baseConfigurationReference = E6E637F459223646C50A5242 /* Pods-Chiropractic.debug.xcconfig */;
			buildSettings = {
				ASSETCATALOG_COMPILER_APPICON_NAME = AppIcon;
				DEVELOPMENT_TEAM = B24U63J96U;
				INFOPLIST_FILE = Chiropractic/Info.plist;
				LD_RUNPATH_SEARCH_PATHS = "$(inherited) @executable_path/Frameworks";
				PRODUCT_BUNDLE_IDENTIFIER = ninja.areios.C4KAF;
				PRODUCT_NAME = "$(TARGET_NAME)";
				SWIFT_VERSION = 3.0;
			};
			name = Debug;
		};
		667F0AEB1E2AABB4002AFA4E /* Release */ = {
			isa = XCBuildConfiguration;
			baseConfigurationReference = FA17D511EABA103FF64175AF /* Pods-Chiropractic.release.xcconfig */;
			buildSettings = {
				ASSETCATALOG_COMPILER_APPICON_NAME = AppIcon;
				DEVELOPMENT_TEAM = B24U63J96U;
				INFOPLIST_FILE = Chiropractic/Info.plist;
				LD_RUNPATH_SEARCH_PATHS = "$(inherited) @executable_path/Frameworks";
				PRODUCT_BUNDLE_IDENTIFIER = ninja.areios.C4KAF;
				PRODUCT_NAME = "$(TARGET_NAME)";
				SWIFT_VERSION = 3.0;
			};
			name = Release;
		};
/* End XCBuildConfiguration section */

/* Begin XCConfigurationList section */
		667F0AD21E2AABB4002AFA4E /* Build configuration list for PBXProject "Chiropractic" */ = {
			isa = XCConfigurationList;
			buildConfigurations = (
				667F0AE71E2AABB4002AFA4E /* Debug */,
				667F0AE81E2AABB4002AFA4E /* Release */,
			);
			defaultConfigurationIsVisible = 0;
			defaultConfigurationName = Release;
		};
		667F0AE91E2AABB4002AFA4E /* Build configuration list for PBXNativeTarget "Chiropractic" */ = {
			isa = XCConfigurationList;
			buildConfigurations = (
				667F0AEA1E2AABB4002AFA4E /* Debug */,
				667F0AEB1E2AABB4002AFA4E /* Release */,
			);
			defaultConfigurationIsVisible = 0;
			defaultConfigurationName = Release;
		};
/* End XCConfigurationList section */
	};
	rootObject = 667F0ACF1E2AABB4002AFA4E /* Project object */;
}
